
Microsoft Visual Studio Solution File, Format Version 12.00
# Visual Studio Version 17
VisualStudioVersion = 17.3.32819.101
MinimumVisualStudioVersion = 10.0.40219.1
Project("{8BC9CEB8-8B4A-11D0-8D11-00A0C91BC942}") = "mod_downloader", "mod_downloader\mod_downloader.vcxproj", "{A4315590-66CD-4163-A4C7-59B25931C542}"
EndProject
Global
	GlobalSection(SolutionConfigurationPlatforms) = preSolution
		Debug|x64 = Debug|x64
		Debug|x86 = Debug|x86
		Release|x64 = Release|x64
		Release|x86 = Release|x86
	EndGlobalSection
	GlobalSection(ProjectConfigurationPlatforms) = postSolution
		{A4315590-66CD-4163-A4C7-59B25931C542}.Debug|x64.ActiveCfg = Debug|x64
		{A4315590-66CD-4163-A4C7-59B25931C542}.Debug|x64.Build.0 = Debug|x64
		{A4315590-66CD-4163-A4C7-59B25931C542}.Debug|x86.ActiveCfg = Debug|Win32
		{A4315590-66CD-4163-A4C7-59B25931C542}.Debug|x86.Build.0 = Debug|Win32
		{A4315590-66CD-4163-A4C7-59B25931C542}.Release|x64.ActiveCfg = Release|x64
		{A4315590-66CD-4163-A4C7-59B25931C542}.Release|x64.Build.0 = Release|x64
		{A4315590-66CD-4163-A4C7-59B25931C542}.Release|x86.ActiveCfg = Release|Win32
		{A4315590-66CD-4163-A4C7-59B25931C542}.Release|x86.Build.0 = Release|Win32
	EndGlobalSection
	GlobalSection(SolutionProperties) = preSolution
		HideSolutionNode = FALSE
	EndGlobalSection
	GlobalSection(ExtensibilityGlobals) = postSolution
		SolutionGuid = {D17FC972-26BA-423A-8222-AC0C5DB31B62}
	EndGlobalSection
EndGlobal
